
Microsoft Visual Studio Solution File, Format Version 12.00
# Visual Studio Version 17
VisualStudioVersion = 17.0.32126.317
MinimumVisualStudioVersion = 10.0.40219.1
Project("{9A19103F-16F7-4668-BE54-9A1E7A4F7556}") = "Api", "Api\Api.csproj", "{5D7216C3-67F8-4281-A812-D6EC4B5B7F11}"
EndProject
Project("{9A19103F-16F7-4668-BE54-9A1E7A4F7556}") = "Services", "Services\Services.csproj", "{83AA47B5-8CED-4AD5-B7B8-9803532ADB8A}"
EndProject
Project("{9A19103F-16F7-4668-BE54-9A1E7A4F7556}") = "Common", "Common\Common.csproj", "{5504589D-4475-4C94-AD28-6BD1D253958A}"
EndProject
Project("{9A19103F-16F7-4668-BE54-9A1E7A4F7556}") = "ShipWeight2Rdf.Cli", "ShipWeight2Rdf.Cli\ShipWeight2Rdf.Cli.csproj", "{CE413BB7-2F57-4966-A7BE-97606A70B29B}"
EndProject
Project("{9A19103F-16F7-4668-BE54-9A1E7A4F7556}") = "TieMelConsumer", "TieMelConsumer\TieMelConsumer.csproj", "{8A04FF9D-2E96-481D-9320-1FA469B07218}"
EndProject
Project("{FAE04EC0-301F-11D3-BF4B-00C04F79EFBC}") = "Services.Tests", "Services.Tests\Services.Tests.csproj", "{BA5EE965-EDCF-4D5A-85A9-D1E4063C44D6}"
EndProject
Project("{FAE04EC0-301F-11D3-BF4B-00C04F79EFBC}") = "LocalFunctions", "LocalFunctions\LocalFunctions.csproj", "{244F381B-FF7B-48C7-B49B-BCDEB9D29682}"
EndProject
Global
	GlobalSection(SolutionConfigurationPlatforms) = preSolution
		Debug|Any CPU = Debug|Any CPU
		Release|Any CPU = Release|Any CPU
	EndGlobalSection
	GlobalSection(ProjectConfigurationPlatforms) = postSolution
		{5D7216C3-67F8-4281-A812-D6EC4B5B7F11}.Debug|Any CPU.ActiveCfg = Debug|Any CPU
		{5D7216C3-67F8-4281-A812-D6EC4B5B7F11}.Debug|Any CPU.Build.0 = Debug|Any CPU
		{5D7216C3-67F8-4281-A812-D6EC4B5B7F11}.Release|Any CPU.ActiveCfg = Release|Any CPU
		{5D7216C3-67F8-4281-A812-D6EC4B5B7F11}.Release|Any CPU.Build.0 = Release|Any CPU
		{83AA47B5-8CED-4AD5-B7B8-9803532ADB8A}.Debug|Any CPU.ActiveCfg = Debug|Any CPU
		{83AA47B5-8CED-4AD5-B7B8-9803532ADB8A}.Debug|Any CPU.Build.0 = Debug|Any CPU
		{83AA47B5-8CED-4AD5-B7B8-9803532ADB8A}.Release|Any CPU.ActiveCfg = Release|Any CPU
		{83AA47B5-8CED-4AD5-B7B8-9803532ADB8A}.Release|Any CPU.Build.0 = Release|Any CPU
		{5504589D-4475-4C94-AD28-6BD1D253958A}.Debug|Any CPU.ActiveCfg = Debug|Any CPU
		{5504589D-4475-4C94-AD28-6BD1D253958A}.Debug|Any CPU.Build.0 = Debug|Any CPU
		{5504589D-4475-4C94-AD28-6BD1D253958A}.Release|Any CPU.ActiveCfg = Release|Any CPU
		{5504589D-4475-4C94-AD28-6BD1D253958A}.Release|Any CPU.Build.0 = Release|Any CPU
		{CE413BB7-2F57-4966-A7BE-97606A70B29B}.Debug|Any CPU.ActiveCfg = Debug|Any CPU
		{CE413BB7-2F57-4966-A7BE-97606A70B29B}.Debug|Any CPU.Build.0 = Debug|Any CPU
		{CE413BB7-2F57-4966-A7BE-97606A70B29B}.Release|Any CPU.ActiveCfg = Release|Any CPU
		{CE413BB7-2F57-4966-A7BE-97606A70B29B}.Release|Any CPU.Build.0 = Release|Any CPU
		{8A04FF9D-2E96-481D-9320-1FA469B07218}.Debug|Any CPU.ActiveCfg = Debug|Any CPU
		{8A04FF9D-2E96-481D-9320-1FA469B07218}.Debug|Any CPU.Build.0 = Debug|Any CPU
		{8A04FF9D-2E96-481D-9320-1FA469B07218}.Release|Any CPU.ActiveCfg = Release|Any CPU
		{8A04FF9D-2E96-481D-9320-1FA469B07218}.Release|Any CPU.Build.0 = Release|Any CPU
		{BA5EE965-EDCF-4D5A-85A9-D1E4063C44D6}.Debug|Any CPU.ActiveCfg = Debug|Any CPU
		{BA5EE965-EDCF-4D5A-85A9-D1E4063C44D6}.Debug|Any CPU.Build.0 = Debug|Any CPU
		{BA5EE965-EDCF-4D5A-85A9-D1E4063C44D6}.Release|Any CPU.ActiveCfg = Release|Any CPU
		{BA5EE965-EDCF-4D5A-85A9-D1E4063C44D6}.Release|Any CPU.Build.0 = Release|Any CPU
		{244F381B-FF7B-48C7-B49B-BCDEB9D29682}.Debug|Any CPU.ActiveCfg = Debug|Any CPU
		{244F381B-FF7B-48C7-B49B-BCDEB9D29682}.Debug|Any CPU.Build.0 = Debug|Any CPU
		{244F381B-FF7B-48C7-B49B-BCDEB9D29682}.Release|Any CPU.ActiveCfg = Release|Any CPU
		{244F381B-FF7B-48C7-B49B-BCDEB9D29682}.Release|Any CPU.Build.0 = Release|Any CPU
	EndGlobalSection
	GlobalSection(SolutionProperties) = preSolution
		HideSolutionNode = FALSE
	EndGlobalSection
	GlobalSection(ExtensibilityGlobals) = postSolution
		SolutionGuid = {AAA382A9-BA13-4CF7-8C84-444B851EBCB3}
	EndGlobalSection
EndGlobal
