
Microsoft Visual Studio Solution File, Format Version 12.00
# Visual Studio Version 16
VisualStudioVersion = 16.0.31402.337
MinimumVisualStudioVersion = 10.0.40219.1
Project("{9A19103F-16F7-4668-BE54-9A1E7A4F7556}") = "melexcel2ttl.Tests", "melexcel2ttl.Tests\melexcel2ttl.Tests.csproj", "{ABF4CAEC-F77E-4FD2-86AC-1BA524CADF87}"
EndProject
Project("{9A19103F-16F7-4668-BE54-9A1E7A4F7556}") = "melexcel2ttlcli", "melexcel2ttlcli\melexcel2ttlcli.csproj", "{623BF8FE-D4DD-43D1-9B12-8DFF00C3BF2B}"
EndProject
Project("{9A19103F-16F7-4668-BE54-9A1E7A4F7556}") = "MelXlsxToRdf", "MelXlsxToRdf\MelXlsxToRdf.csproj", "{D7FB198D-8E93-4A8E-9423-F8E442839EFF}"
EndProject
Project("{9A19103F-16F7-4668-BE54-9A1E7A4F7556}") = "Excel2ttl.Lib", "Excel2ttl.Lib\Excel2ttl.Lib.csproj", "{82064AED-B7CF-466E-BB07-315CF5663059}"
EndProject
Global
	GlobalSection(SolutionConfigurationPlatforms) = preSolution
		Debug|Any CPU = Debug|Any CPU
		Release|Any CPU = Release|Any CPU
	EndGlobalSection
	GlobalSection(ProjectConfigurationPlatforms) = postSolution
		{ABF4CAEC-F77E-4FD2-86AC-1BA524CADF87}.Debug|Any CPU.ActiveCfg = Debug|Any CPU
		{ABF4CAEC-F77E-4FD2-86AC-1BA524CADF87}.Debug|Any CPU.Build.0 = Debug|Any CPU
		{ABF4CAEC-F77E-4FD2-86AC-1BA524CADF87}.Release|Any CPU.ActiveCfg = Release|Any CPU
		{ABF4CAEC-F77E-4FD2-86AC-1BA524CADF87}.Release|Any CPU.Build.0 = Release|Any CPU
		{623BF8FE-D4DD-43D1-9B12-8DFF00C3BF2B}.Debug|Any CPU.ActiveCfg = Debug|Any CPU
		{623BF8FE-D4DD-43D1-9B12-8DFF00C3BF2B}.Debug|Any CPU.Build.0 = Debug|Any CPU
		{623BF8FE-D4DD-43D1-9B12-8DFF00C3BF2B}.Release|Any CPU.ActiveCfg = Release|Any CPU
		{623BF8FE-D4DD-43D1-9B12-8DFF00C3BF2B}.Release|Any CPU.Build.0 = Release|Any CPU
		{D7FB198D-8E93-4A8E-9423-F8E442839EFF}.Debug|Any CPU.ActiveCfg = Debug|Any CPU
		{D7FB198D-8E93-4A8E-9423-F8E442839EFF}.Debug|Any CPU.Build.0 = Debug|Any CPU
		{D7FB198D-8E93-4A8E-9423-F8E442839EFF}.Release|Any CPU.ActiveCfg = Release|Any CPU
		{D7FB198D-8E93-4A8E-9423-F8E442839EFF}.Release|Any CPU.Build.0 = Release|Any CPU
		{82064AED-B7CF-466E-BB07-315CF5663059}.Debug|Any CPU.ActiveCfg = Debug|Any CPU
		{82064AED-B7CF-466E-BB07-315CF5663059}.Debug|Any CPU.Build.0 = Debug|Any CPU
		{82064AED-B7CF-466E-BB07-315CF5663059}.Release|Any CPU.ActiveCfg = Release|Any CPU
		{82064AED-B7CF-466E-BB07-315CF5663059}.Release|Any CPU.Build.0 = Release|Any CPU
	EndGlobalSection
	GlobalSection(SolutionProperties) = preSolution
		HideSolutionNode = FALSE
	EndGlobalSection
	GlobalSection(ExtensibilityGlobals) = postSolution
		SolutionGuid = {31FAF612-BA26-4DB5-9533-4AF863C99297}
	EndGlobalSection
EndGlobal
