
Microsoft Visual Studio Solution File, Format Version 12.00
# Visual Studio Version 16
VisualStudioVersion = 16.0.31402.337
MinimumVisualStudioVersion = 10.0.40219.1
Project("{FAE04EC0-301F-11D3-BF4B-00C04F79EFBC}") = "melexcel2ttl", "melexcel2ttl\melexcel2ttl.csproj", "{85C2DCD1-C6C1-4B10-B9F3-EF13ACEFE7F5}"
EndProject
Project("{FAE04EC0-301F-11D3-BF4B-00C04F79EFBC}") = "melexcel2ttl.Tests", "melexcel2ttl.Tests\melexcel2ttl.Tests.csproj", "{ABF4CAEC-F77E-4FD2-86AC-1BA524CADF87}"
EndProject
Global
	GlobalSection(SolutionConfigurationPlatforms) = preSolution
		Debug|Any CPU = Debug|Any CPU
		Release|Any CPU = Release|Any CPU
	EndGlobalSection
	GlobalSection(ProjectConfigurationPlatforms) = postSolution
		{8A43D613-3AB7-4092-BAFD-E840619B7CFA}.Debug|Any CPU.ActiveCfg = Debug|Any CPU
		{8A43D613-3AB7-4092-BAFD-E840619B7CFA}.Debug|Any CPU.Build.0 = Debug|Any CPU
		{8A43D613-3AB7-4092-BAFD-E840619B7CFA}.Release|Any CPU.ActiveCfg = Release|Any CPU
		{8A43D613-3AB7-4092-BAFD-E840619B7CFA}.Release|Any CPU.Build.0 = Release|Any CPU
		{85C2DCD1-C6C1-4B10-B9F3-EF13ACEFE7F5}.Debug|Any CPU.ActiveCfg = Debug|Any CPU
		{85C2DCD1-C6C1-4B10-B9F3-EF13ACEFE7F5}.Debug|Any CPU.Build.0 = Debug|Any CPU
		{85C2DCD1-C6C1-4B10-B9F3-EF13ACEFE7F5}.Release|Any CPU.ActiveCfg = Release|Any CPU
		{85C2DCD1-C6C1-4B10-B9F3-EF13ACEFE7F5}.Release|Any CPU.Build.0 = Release|Any CPU
		{ABF4CAEC-F77E-4FD2-86AC-1BA524CADF87}.Debug|Any CPU.ActiveCfg = Debug|Any CPU
		{ABF4CAEC-F77E-4FD2-86AC-1BA524CADF87}.Debug|Any CPU.Build.0 = Debug|Any CPU
		{ABF4CAEC-F77E-4FD2-86AC-1BA524CADF87}.Release|Any CPU.ActiveCfg = Release|Any CPU
		{ABF4CAEC-F77E-4FD2-86AC-1BA524CADF87}.Release|Any CPU.Build.0 = Release|Any CPU
	EndGlobalSection
	GlobalSection(SolutionProperties) = preSolution
		HideSolutionNode = FALSE
	EndGlobalSection
	GlobalSection(ExtensibilityGlobals) = postSolution
		SolutionGuid = {31FAF612-BA26-4DB5-9533-4AF863C99297}
	EndGlobalSection
EndGlobal
