
Microsoft Visual Studio Solution File, Format Version 12.00
# Visual Studio Version 16
VisualStudioVersion = 16.0.31402.337
MinimumVisualStudioVersion = 10.0.40219.1
Project("{9A19103F-16F7-4668-BE54-9A1E7A4F7556}") = "Doc2Rdf.Tests", "Doc2Rdf.Tests\Doc2Rdf.Tests.csproj", "{781D4A6B-98ED-4F32-8364-97E372243C04}"
EndProject
Project("{9A19103F-16F7-4668-BE54-9A1E7A4F7556}") = "Doc2Rdf.Library", "Doc2Rdf.Library\Doc2Rdf.Library.csproj", "{B7ABC317-7240-47CC-95D2-BA07C1B1002E}"
EndProject
Global
	GlobalSection(SolutionConfigurationPlatforms) = preSolution
		Debug|Any CPU = Debug|Any CPU
		Release|Any CPU = Release|Any CPU
	EndGlobalSection
	GlobalSection(ProjectConfigurationPlatforms) = postSolution
		{781D4A6B-98ED-4F32-8364-97E372243C04}.Debug|Any CPU.ActiveCfg = Debug|Any CPU
		{781D4A6B-98ED-4F32-8364-97E372243C04}.Debug|Any CPU.Build.0 = Debug|Any CPU
		{781D4A6B-98ED-4F32-8364-97E372243C04}.Release|Any CPU.ActiveCfg = Release|Any CPU
		{781D4A6B-98ED-4F32-8364-97E372243C04}.Release|Any CPU.Build.0 = Release|Any CPU
		{B7ABC317-7240-47CC-95D2-BA07C1B1002E}.Debug|Any CPU.ActiveCfg = Debug|Any CPU
		{B7ABC317-7240-47CC-95D2-BA07C1B1002E}.Debug|Any CPU.Build.0 = Debug|Any CPU
		{B7ABC317-7240-47CC-95D2-BA07C1B1002E}.Release|Any CPU.ActiveCfg = Release|Any CPU
		{B7ABC317-7240-47CC-95D2-BA07C1B1002E}.Release|Any CPU.Build.0 = Release|Any CPU
	EndGlobalSection
	GlobalSection(SolutionProperties) = preSolution
		HideSolutionNode = FALSE
	EndGlobalSection
	GlobalSection(ExtensibilityGlobals) = postSolution
		SolutionGuid = {31FAF612-BA26-4DB5-9533-4AF863C99297}
	EndGlobalSection
EndGlobal
