
Microsoft Visual Studio Solution File, Format Version 12.00
Project("{FAE04EC0-301F-11D3-BF4B-00C04F79EFBC}") = "IntoRdf.Nuget.Tests", "IntoRdf.Nuget.Tests\IntoRdf.Nuget.Tests.csproj", "{07A2D88E-8674-4F77-9F22-0132A1AA3762}"
EndProject
Global
	GlobalSection(SolutionConfigurationPlatforms) = preSolution
		Debug|Any CPU = Debug|Any CPU
		Release|Any CPU = Release|Any CPU
	EndGlobalSection
	GlobalSection(ProjectConfigurationPlatforms) = postSolution
		{07A2D88E-8674-4F77-9F22-0132A1AA3762}.Debug|Any CPU.ActiveCfg = Debug|Any CPU
		{07A2D88E-8674-4F77-9F22-0132A1AA3762}.Debug|Any CPU.Build.0 = Debug|Any CPU
		{07A2D88E-8674-4F77-9F22-0132A1AA3762}.Release|Any CPU.ActiveCfg = Release|Any CPU
		{07A2D88E-8674-4F77-9F22-0132A1AA3762}.Release|Any CPU.Build.0 = Release|Any CPU
	EndGlobalSection
EndGlobal
